version = 1
revision = 2
requires-python = ">=3.11"

[[package]]
name = "coffee-shop"
version = "0.1.0"
source = { virtual = "." }
dependencies = [
    { name = "mysql-connector-python" },
    { name = "pyqt6" },
    { name = "pyqt6-qt6" },
    { name = "pyqt6-sip" },
]

[package.metadata]
requires-dist = [
    { name = "mysql-connector-python", specifier = "==8.2.0" },
    { name = "pyqt6", specifier = "==6.6.1" },
    { name = "pyqt6-qt6", specifier = "==6.6.1" },
    { name = "pyqt6-sip", specifier = "==13.6.0" },
]

[[package]]
name = "mysql-connector-python"
version = "8.2.0"
source = { registry = "https://pypi.org/simple" }
dependencies = [
    { name = "protobuf" },
]
sdist = { url = "https://files.pythonhosted.org/packages/d3/60/be97d5a73de74f16c612cb6e477bfb949d9e39befea4812d8c21b26f62e1/mysql-connector-python-8.2.0.tar.gz", hash = "sha256:884eba07b4c97edf552a03f5fdca145e0ab4afc3d8677cca20276effca1bea54", size = 464033, upload-time = "2023-10-25T07:57:09.933Z" }
wheels = [
    { url = "https://files.pythonhosted.org/packages/9d/53/346be660c6e32584099923ca5d3307ccac21bf0b753e9a22f67ecc92d859/mysql_connector_python-8.2.0-cp311-cp311-macosx_12_0_arm64.whl", hash = "sha256:5d1e1399a9feb45fc8caca6168ff35d31a8124693f24391153764bccc61d15ad", size = 14452858, upload-time = "2023-10-25T07:51:58.461Z" },
    { url = "https://files.pythonhosted.org/packages/41/e0/ff2276ca24a14f28320ef9732ab43ce892e7f2b6b1a6e7cf75daa4713ae8/mysql_connector_python-8.2.0-cp311-cp311-macosx_12_0_x86_64.whl", hash = "sha256:a0308455462d4078baf516255662a46611eb12fc8d83d40dea38df3032d2566d", size = 15315688, upload-time = "2023-10-25T07:52:05.497Z" },
    { url = "https://files.pythonhosted.org/packages/70/bd/3eed084841bb1cf87304c8b9c80fb7236fc87692f2793842b97e88070fa6/mysql_connector_python-8.2.0-cp311-cp311-manylinux_2_17_aarch64.whl", hash = "sha256:539300944c36566e91d131e106dbf0a90cde697ba88247a820f5af9caea2e5c2", size = 31102894, upload-time = "2023-10-25T07:52:18.845Z" },
    { url = "https://files.pythonhosted.org/packages/c9/6a/df8325eb997944357f5f24e55900f24c4f82ab980ac7f0b013ef87c996e7/mysql_connector_python-8.2.0-cp311-cp311-manylinux_2_17_x86_64.whl", hash = "sha256:66d755b94f547d6fcdee9f2256805a4534103363e35d185d3800bfc5274e1f4f", size = 31629712, upload-time = "2023-10-25T07:52:43.185Z" },
    { url = "https://files.pythonhosted.org/packages/a7/84/b63f11124f808b6f1e3389072bc36cc907929d7574e85f94bf8f18117fe4/mysql_connector_python-8.2.0-cp311-cp311-win_amd64.whl", hash = "sha256:877076f2d71d268fb1b334c85a20ef1d42096ceb6580b25229be4510ebf5a0c5", size = 14214631, upload-time = "2023-10-25T07:53:02.053Z" },
    { url = "https://files.pythonhosted.org/packages/ba/5e/0f53b6892c9add8e860cf8441ba4beb125f832073f2f4171b22a52783ad8/mysql_connector_python-8.2.0-cp312-cp312-macosx_12_0_arm64.whl", hash = "sha256:b3f64b1fd2de2e8ed5c9ddd388efce8c6804a8633e18dbb45563a6ae61fbc45b", size = 14452847, upload-time = "2023-10-25T07:53:17.134Z" },
    { url = "https://files.pythonhosted.org/packages/53/81/a8b2f37788bccacb64009e8778120bca6962d1fc154613f46c945eaab91f/mysql_connector_python-8.2.0-cp312-cp312-macosx_12_0_x86_64.whl", hash = "sha256:e9eacdc3fa5f61276c1549ca7c471a6fde576692881a70dcbac8258314015347", size = 15315929, upload-time = "2023-10-25T07:53:32.711Z" },
    { url = "https://files.pythonhosted.org/packages/c7/87/493d66164c556e9e17116bb9c9b46074b431e6c8600ed27871aef97643fc/mysql_connector_python-8.2.0-cp312-cp312-manylinux_2_17_aarch64.whl", hash = "sha256:230a34df2f3c4f36acf426361914b8552f129538a5e2256d489dca2b39f2f031", size = 31102927, upload-time = "2023-10-25T07:53:50.927Z" },
    { url = "https://files.pythonhosted.org/packages/21/2c/5235acb1b7ac496bfb81d377f65defa51b31ac5b2deb2478b0ef44aa98aa/mysql_connector_python-8.2.0-cp312-cp312-manylinux_2_17_x86_64.whl", hash = "sha256:26e19a4469276870ccc0a04db30c534519f0f774a5949370ff0dc03e7cfc071c", size = 31630448, upload-time = "2023-10-25T07:54:12.164Z" },
    { url = "https://files.pythonhosted.org/packages/96/db/50f7397d0c8b013b87ad402f60892335dab6680a373c6aa583fa20c7b7a8/mysql_connector_python-8.2.0-cp312-cp312-win_amd64.whl", hash = "sha256:e0b8af0d8c56619875dee4168b1bf77e17a4c1c5e1df935623d264729df70227", size = 14214625, upload-time = "2023-10-25T07:54:25.608Z" },
    { url = "https://files.pythonhosted.org/packages/d0/76/2461d50bdc154a05119aad89c01235a1772d0ba7dd27de336268adc068b2/mysql_connector_python-8.2.0-py2.py3-none-any.whl", hash = "sha256:59d4ea8253edbca7cbd1ac25ed524fcf5d8e34ee7ef5fb1be9e3026852b88126", size = 593374, upload-time = "2023-10-25T07:57:07.51Z" },
]

[[package]]
name = "protobuf"
version = "4.21.12"
source = { registry = "https://pypi.org/simple" }
sdist = { url = "https://files.pythonhosted.org/packages/ba/dd/f8a01b146bf45ac12a829bbc599e6590aa6a6849ace7d28c42d77041d6ab/protobuf-4.21.12.tar.gz", hash = "sha256:7cd532c4566d0e6feafecc1059d04c7915aec8e182d1cf7adee8b24ef1e2e6ab", size = 220324, upload-time = "2022-12-14T17:29:34.648Z" }
wheels = [
    { url = "https://files.pythonhosted.org/packages/42/9b/7f464fa46797486439b35fb5aa0dbc99face447396619f1c98da13257732/protobuf-4.21.12-cp310-abi3-win32.whl", hash = "sha256:b135410244ebe777db80298297a97fbb4c862c881b4403b71bac9d4107d61fd1", size = 509874, upload-time = "2022-12-14T16:18:22.402Z" },
    { url = "https://files.pythonhosted.org/packages/f8/21/56796f96eadb1e1974090278312de28c8dced584e38ea7ee770e912c7af2/protobuf-4.21.12-cp310-abi3-win_amd64.whl", hash = "sha256:89f9149e4a0169cddfc44c74f230d7743002e3aa0b9472d8c28f0388102fc4c2", size = 527007, upload-time = "2022-12-14T16:18:24.882Z" },
    { url = "https://files.pythonhosted.org/packages/05/b6/6e9b82445e3561132a871e38f5601b12749beb5305eaa085d7f0c59728c9/protobuf-4.21.12-cp37-abi3-macosx_10_9_universal2.whl", hash = "sha256:299ea899484ee6f44604deb71f424234f654606b983cb496ea2a53e3c63ab791", size = 486247, upload-time = "2022-12-14T16:18:26.681Z" },
    { url = "https://files.pythonhosted.org/packages/76/74/28f42d3e6b0c7bffaa04348a631de7a22c3d81d1564753301d058c80fff5/protobuf-4.21.12-cp37-abi3-manylinux2014_aarch64.whl", hash = "sha256:d1736130bce8cf131ac7957fa26880ca19227d4ad68b4888b3be0dea1f95df97", size = 405144, upload-time = "2022-12-14T16:18:28.662Z" },
    { url = "https://files.pythonhosted.org/packages/e7/a2/3273c05fc5d959fa90de6453ebd6d45c6d4fab3ec212d631625ea5780921/protobuf-4.21.12-cp37-abi3-manylinux2014_x86_64.whl", hash = "sha256:78a28c9fa223998472886c77042e9b9afb6fe4242bd2a2a5aced88e3f4422aa7", size = 409837, upload-time = "2022-12-14T16:18:30.894Z" },
    { url = "https://files.pythonhosted.org/packages/c6/3b/33f3bd47dbfdd17ed87024b6473b26ee3a8c3303f019e91557b2654703a4/protobuf-4.21.12-py2.py3-none-any.whl", hash = "sha256:a53fd3f03e578553623272dc46ac2f189de23862e68565e83dde203d41b76fc5", size = 165013, upload-time = "2022-12-14T17:29:31.792Z" },
    { url = "https://files.pythonhosted.org/packages/d4/9f/5cb64224bdd4695f5b024a05a4bea31af1d8e3127d45a74161631fe8180e/protobuf-4.21.12-py3-none-any.whl", hash = "sha256:b98d0148f84e3a3c569e19f52103ca1feacdac0d2df8d6533cf983d1fda28462", size = 291651, upload-time = "2022-12-14T16:18:45.212Z" },
]

[[package]]
name = "pyqt6"
version = "6.6.1"
source = { registry = "https://pypi.org/simple" }
dependencies = [
    { name = "pyqt6-qt6" },
    { name = "pyqt6-sip" },
]
sdist = { url = "https://files.pythonhosted.org/packages/8c/2b/6fe0409501798abc780a70cab48c39599742ab5a8168e682107eaab78fca/PyQt6-6.6.1.tar.gz", hash = "sha256:9f158aa29d205142c56f0f35d07784b8df0be28378d20a97bcda8bd64ffd0379", size = 1043203, upload-time = "2023-12-04T10:37:27.406Z" }
wheels = [
    { url = "https://files.pythonhosted.org/packages/1b/b2/130408edb21b2bf889d175465711ffcc4aa2f0df152718505e458888646d/PyQt6-6.6.1-cp38-abi3-macosx_10_14_universal2.whl", hash = "sha256:6b43878d0bbbcf8b7de165d305ec0cb87113c8930c92de748a11c473a6db5085", size = 11642552, upload-time = "2023-12-04T10:37:09.363Z" },
    { url = "https://files.pythonhosted.org/packages/0b/5a/51f4762b9f314b5577d17704bc1280532a725ba359d6cc177ab6de692035/PyQt6-6.6.1-cp38-abi3-manylinux_2_28_x86_64.whl", hash = "sha256:5aa0e833cb5a79b93813f8181d9f145517dd5a46f4374544bcd1e93a8beec537", size = 7898775, upload-time = "2023-12-04T10:37:16.831Z" },
    { url = "https://files.pythonhosted.org/packages/6d/40/e91a88d5c716e2982eb2eef5d4c314add196951e7d430e90eb0fe8fb81a1/PyQt6-6.6.1-cp38-abi3-win_amd64.whl", hash = "sha256:03a656d5dc5ac31b6a9ad200f7f4f7ef49fa00ad7ce7a991b9bb691617141d12", size = 6549432, upload-time = "2023-12-04T10:37:24.633Z" },
]

[[package]]
name = "pyqt6-qt6"
version = "6.6.1"
source = { registry = "https://pypi.org/simple" }
wheels = [
    { url = "https://files.pythonhosted.org/packages/0a/01/70d5341b9b26104bf31bb52704bcce7bee367991151a3754e4b5faefd248/PyQt6_Qt6-6.6.1-py3-none-macosx_10_14_x86_64.whl", hash = "sha256:0409aa09b8dae90d5f00ba2d9761e671dfbc54ab169cff8f4cdfecd7f664fd0f", size = 54536324, upload-time = "2023-11-30T16:22:42.137Z" },
    { url = "https://files.pythonhosted.org/packages/b6/bf/94ce06e5f2e36a6ea7ead39fa63db6b1cc91e2aa51768e7fdcd296d0d2b0/PyQt6_Qt6-6.6.1-py3-none-macosx_11_0_arm64.whl", hash = "sha256:8dcac0bd9df13d63deafb6a61969b832c34467da4a28d2b7abf78066bfce22e6", size = 50360878, upload-time = "2023-11-30T16:23:25.05Z" },
    { url = "https://files.pythonhosted.org/packages/d5/64/7b8983341e4f8748f0d76ebc69c2740cb0d19a49f14f7d83db3b079c4abe/PyQt6_Qt6-6.6.1-py3-none-manylinux_2_28_x86_64.whl", hash = "sha256:e7df8851c93886412d890d0ecc62b39f42521861ee7a80982136d65903e1f2c5", size = 67471005, upload-time = "2023-11-30T16:24:23.339Z" },
    { url = "https://files.pythonhosted.org/packages/c9/f3/1b5b83ba66254091735d021bcecf9fe03fd86bb09e55efc633b734071a54/PyQt6_Qt6-6.6.1-py3-none-win_amd64.whl", hash = "sha256:41f1ed3eadc00540c205a0e897ae0e0fffc21b896e575214f7c5b9c86d2037d1", size = 62164423, upload-time = "2023-11-30T16:25:18.338Z" },
]

[[package]]
name = "pyqt6-sip"
version = "13.6.0"
source = { registry = "https://pypi.org/simple" }
sdist = { url = "https://files.pythonhosted.org/packages/98/23/e54e02a44afc357ccab1b88575b90729664164358ceffde43e4f2e549daa/PyQt6_sip-13.6.0.tar.gz", hash = "sha256:2486e1588071943d4f6657ba09096dc9fffd2322ad2c30041e78ea3f037b5778", size = 111576, upload-time = "2023-10-14T10:23:13.472Z" }
wheels = [
    { url = "https://files.pythonhosted.org/packages/4c/df/8ad3c2e8cc151fdb4293dcd6c2bb4375eb49b626c34a37e657aafcb8e245/PyQt6_sip-13.6.0-cp311-cp311-macosx_10_9_universal2.whl", hash = "sha256:5b9c6b6f9cfccb48cbb78a59603145a698fb4ffd176764d7083e5bf47631d8df", size = 132109, upload-time = "2023-10-14T10:22:45.791Z" },
    { url = "https://files.pythonhosted.org/packages/97/50/cab92a609b0da9740b0c12071bc3c31315cc87db45db8095665a22ced266/PyQt6_sip-13.6.0-cp311-cp311-manylinux_2_5_x86_64.manylinux1_x86_64.whl", hash = "sha256:86a7b67c64436e32bffa9c28c9f21bf14a9faa54991520b12c3f6f435f24df7f", size = 308305, upload-time = "2023-10-14T10:22:47.525Z" },
    { url = "https://files.pythonhosted.org/packages/0b/3b/cfc7d1c9acbfa832c612751f443e260e1a569ac077d913887db2b2445bce/PyQt6_sip-13.6.0-cp311-cp311-win32.whl", hash = "sha256:58f68a48400e0b3d1ccb18090090299bad26e3aed7ccb7057c65887b79b8aeea", size = 65165, upload-time = "2023-10-14T10:22:49.982Z" },
    { url = "https://files.pythonhosted.org/packages/20/42/9e31de556d6991f041268aac913b7359f6d54d2000b0182f8051869ab140/PyQt6_sip-13.6.0-cp311-cp311-win_amd64.whl", hash = "sha256:0dfd22cfedd87e96f9d51e0778ca2ba3dc0be83e424e9e0f98f6994d8d9c90f0", size = 72814, upload-time = "2023-10-14T10:22:51.216Z" },
    { url = "https://files.pythonhosted.org/packages/a3/ed/676969afd6834c11c86a05c0b72b285b596253fd2ee583f50a4ee134158a/PyQt6_sip-13.6.0-cp312-cp312-macosx_10_9_universal2.whl", hash = "sha256:3bf03e130fbfd75c9c06e687b86ba375410c7a9e835e4e03285889e61dd4b0c4", size = 133122, upload-time = "2023-10-14T10:22:52.852Z" },
    { url = "https://files.pythonhosted.org/packages/24/9d/fcd2c6c088719bb45ab80bfda6ab294b125ffd0d8ae3440f5370b2ee0b89/PyQt6_sip-13.6.0-cp312-cp312-manylinux_2_5_x86_64.manylinux1_x86_64.whl", hash = "sha256:43fb8551796030aae3d66d6e35e277494071ec6172cd182c9569ab7db268a2f5", size = 319963, upload-time = "2023-10-14T10:22:55.415Z" },
    { url = "https://files.pythonhosted.org/packages/a2/fe/dab9fa97cd61635d70ad204f4718db434d7197f7efed30b250372ac7c000/PyQt6_sip-13.6.0-cp312-cp312-win32.whl", hash = "sha256:13885361ca2cb2f5085d50359ba61b3fabd41b139fb58f37332acbe631ef2357", size = 65443, upload-time = "2023-10-14T10:22:56.763Z" },
    { url = "https://files.pythonhosted.org/packages/6e/c9/37ff56008c9d23f94ab76630f449ba1a3a76a49cedac4ffcba891f4692fd/PyQt6_sip-13.6.0-cp312-cp312-win_amd64.whl", hash = "sha256:24441032a29791e82beb7dfd76878339058def0e97fdb7c1cea517f3a0e6e96b", size = 73131, upload-time = "2023-10-14T10:22:58.174Z" },
]
